// !$*UTF8*$!
{
	archiveVersion = 1;
	classes = {
	};
	objectVersion = 46;
	objects = {

/* Begin PBXBuildFile section */
		926E9D3629DE90358C97F6A0 /* libPods.a in Frameworks */ = {isa = PBXBuildFile; fileRef = BF64C24E1E3C4331126983DD /* libPods.a */; };
		A206D0B11C6A65AE0061BA01 /* main.m in Sources */ = {isa = PBXBuildFile; fileRef = A206D0B01C6A65AE0061BA01 /* main.m */; };
		A206D0B41C6A65AE0061BA01 /* AppDelegate.m in Sources */ = {isa = PBXBuildFile; fileRef = A206D0B31C6A65AE0061BA01 /* AppDelegate.m */; };
		A206D0BA1C6A65AE0061BA01 /* Main.storyboard in Resources */ = {isa = PBXBuildFile; fileRef = A206D0B81C6A65AE0061BA01 /* Main.storyboard */; };
		A206D0BC1C6A65AE0061BA01 /* Assets.xcassets in Resources */ = {isa = PBXBuildFile; fileRef = A206D0BB1C6A65AE0061BA01 /* Assets.xcassets */; };
		A206D0BF1C6A65AE0061BA01 /* LaunchScreen.storyboard in Resources */ = {isa = PBXBuildFile; fileRef = A206D0BD1C6A65AE0061BA01 /* LaunchScreen.storyboard */; };
		A206D0CA1C6A65AE0061BA01 /* AcronymsSearchTests.m in Sources */ = {isa = PBXBuildFile; fileRef = A206D0C91C6A65AE0061BA01 /* AcronymsSearchTests.m */; };
		A206D0D61C6A6A4E0061BA01 /* AcronymsTableViewController.m in Sources */ = {isa = PBXBuildFile; fileRef = A206D0D51C6A6A4E0061BA01 /* AcronymsTableViewController.m */; };
/* End PBXBuildFile section */

/* Begin PBXContainerItemProxy section */
		A206D0C61C6A65AE0061BA01 /* PBXContainerItemProxy */ = {
			isa = PBXContainerItemProxy;
			containerPortal = A206D0A41C6A65AE0061BA01 /* Project object */;
			proxyType = 1;
			remoteGlobalIDString = A206D0AB1C6A65AE0061BA01;
			remoteInfo = AcronymsSearch;
		};
/* End PBXContainerItemProxy section */

/* Begin PBXFileReference section */
		35FACC7BD317B716A57E6DCC /* Pods.release.xcconfig */ = {isa = PBXFileReference; includeInIndex = 1; lastKnownFileType = text.xcconfig; name = Pods.release.xcconfig; path = "Pods/Target Support Files/Pods/Pods.release.xcconfig"; sourceTree = "<group>"; };
		4A9A14235BCAC7CF6D0582B5 /* Pods.debug.xcconfig */ = {isa = PBXFileReference; includeInIndex = 1; lastKnownFileType = text.xcconfig; name = Pods.debug.xcconfig; path = "Pods/Target Support Files/Pods/Pods.debug.xcconfig"; sourceTree = "<group>"; };
		A206D0AC1C6A65AE0061BA01 /* AcronymsSearch.app */ = {isa = PBXFileReference; explicitFileType = wrapper.application; includeInIndex = 0; path = AcronymsSearch.app; sourceTree = BUILT_PRODUCTS_DIR; };
		A206D0B01C6A65AE0061BA01 /* main.m */ = {isa = PBXFileReference; lastKnownFileType = sourcecode.c.objc; path = main.m; sourceTree = "<group>"; };
		A206D0B21C6A65AE0061BA01 /* AppDelegate.h */ = {isa = PBXFileReference; lastKnownFileType = sourcecode.c.h; path = AppDelegate.h; sourceTree = "<group>"; };
		A206D0B31C6A65AE0061BA01 /* AppDelegate.m */ = {isa = PBXFileReference; lastKnownFileType = sourcecode.c.objc; path = AppDelegate.m; sourceTree = "<group>"; };
		A206D0B91C6A65AE0061BA01 /* Base */ = {isa = PBXFileReference; lastKnownFileType = file.storyboard; name = Base; path = Base.lproj/Main.storyboard; sourceTree = "<group>"; };
		A206D0BB1C6A65AE0061BA01 /* Assets.xcassets */ = {isa = PBXFileReference; lastKnownFileType = folder.assetcatalog; path = Assets.xcassets; sourceTree = "<group>"; };
		A206D0BE1C6A65AE0061BA01 /* Base */ = {isa = PBXFileReference; lastKnownFileType = file.storyboard; name = Base; path = Base.lproj/LaunchScreen.storyboard; sourceTree = "<group>"; };
		A206D0C01C6A65AE0061BA01 /* Info.plist */ = {isa = PBXFileReference; lastKnownFileType = text.plist.xml; path = Info.plist; sourceTree = "<group>"; };
		A206D0C51C6A65AE0061BA01 /* AcronymsSearchTests.xctest */ = {isa = PBXFileReference; explicitFileType = wrapper.cfbundle; includeInIndex = 0; path = AcronymsSearchTests.xctest; sourceTree = BUILT_PRODUCTS_DIR; };
		A206D0C91C6A65AE0061BA01 /* AcronymsSearchTests.m */ = {isa = PBXFileReference; lastKnownFileType = sourcecode.c.objc; path = AcronymsSearchTests.m; sourceTree = "<group>"; };
		A206D0CB1C6A65AE0061BA01 /* Info.plist */ = {isa = PBXFileReference; lastKnownFileType = text.plist.xml; path = Info.plist; sourceTree = "<group>"; };
		A206D0D41C6A6A4E0061BA01 /* AcronymsTableViewController.h */ = {isa = PBXFileReference; fileEncoding = 4; lastKnownFileType = sourcecode.c.h; path = AcronymsTableViewController.h; sourceTree = "<group>"; };
		A206D0D51C6A6A4E0061BA01 /* AcronymsTableViewController.m */ = {isa = PBXFileReference; fileEncoding = 4; lastKnownFileType = sourcecode.c.objc; path = AcronymsTableViewController.m; sourceTree = "<group>"; };
		BF64C24E1E3C4331126983DD /* libPods.a */ = {isa = PBXFileReference; explicitFileType = archive.ar; includeInIndex = 0; path = libPods.a; sourceTree = BUILT_PRODUCTS_DIR; };
/* End PBXFileReference section */

/* Begin PBXFrameworksBuildPhase section */
		A206D0A91C6A65AE0061BA01 /* Frameworks */ = {
			isa = PBXFrameworksBuildPhase;
			buildActionMask = 2147483647;
			files = (
				926E9D3629DE90358C97F6A0 /* libPods.a in Frameworks */,
			);
			runOnlyForDeploymentPostprocessing = 0;
		};
		A206D0C21C6A65AE0061BA01 /* Frameworks */ = {
			isa = PBXFrameworksBuildPhase;
			buildActionMask = 2147483647;
			files = (
			);
			runOnlyForDeploymentPostprocessing = 0;
		};
/* End PBXFrameworksBuildPhase section */

/* Begin PBXGroup section */
		799830DA388151FC4456712C /* Frameworks */ = {
			isa = PBXGroup;
			children = (
				BF64C24E1E3C4331126983DD /* libPods.a */,
			);
			name = Frameworks;
			sourceTree = "<group>";
		};
		A206D0A31C6A65AE0061BA01 = {
			isa = PBXGroup;
			children = (
				A206D0AE1C6A65AE0061BA01 /* AcronymsSearch */,
				A206D0C81C6A65AE0061BA01 /* AcronymsSearchTests */,
				A206D0AD1C6A65AE0061BA01 /* Products */,
				BC396F5519B96470423550C3 /* Pods */,
				799830DA388151FC4456712C /* Frameworks */,
			);
			sourceTree = "<group>";
		};
		A206D0AD1C6A65AE0061BA01 /* Products */ = {
			isa = PBXGroup;
			children = (
				A206D0AC1C6A65AE0061BA01 /* AcronymsSearch.app */,
				A206D0C51C6A65AE0061BA01 /* AcronymsSearchTests.xctest */,
			);
			name = Products;
			sourceTree = "<group>";
		};
		A206D0AE1C6A65AE0061BA01 /* AcronymsSearch */ = {
			isa = PBXGroup;
			children = (
				A206D0B21C6A65AE0061BA01 /* AppDelegate.h */,
				A206D0B31C6A65AE0061BA01 /* AppDelegate.m */,
				A206D0D41C6A6A4E0061BA01 /* AcronymsTableViewController.h */,
				A206D0D51C6A6A4E0061BA01 /* AcronymsTableViewController.m */,
				A206D0B81C6A65AE0061BA01 /* Main.storyboard */,
				A206D0BB1C6A65AE0061BA01 /* Assets.xcassets */,
				A206D0BD1C6A65AE0061BA01 /* LaunchScreen.storyboard */,
				A206D0C01C6A65AE0061BA01 /* Info.plist */,
				A206D0AF1C6A65AE0061BA01 /* Supporting Files */,
			);
			path = AcronymsSearch;
			sourceTree = "<group>";
		};
		A206D0AF1C6A65AE0061BA01 /* Supporting Files */ = {
			isa = PBXGroup;
			children = (
				A206D0B01C6A65AE0061BA01 /* main.m */,
			);
			name = "Supporting Files";
			sourceTree = "<group>";
		};
		A206D0C81C6A65AE0061BA01 /* AcronymsSearchTests */ = {
			isa = PBXGroup;
			children = (
				A206D0C91C6A65AE0061BA01 /* AcronymsSearchTests.m */,
				A206D0CB1C6A65AE0061BA01 /* Info.plist */,
			);
			path = AcronymsSearchTests;
			sourceTree = "<group>";
		};
		BC396F5519B96470423550C3 /* Pods */ = {
			isa = PBXGroup;
			children = (
				4A9A14235BCAC7CF6D0582B5 /* Pods.debug.xcconfig */,
				35FACC7BD317B716A57E6DCC /* Pods.release.xcconfig */,
			);
			name = Pods;
			sourceTree = "<group>";
		};
/* End PBXGroup section */

/* Begin PBXNativeTarget section */
		A206D0AB1C6A65AE0061BA01 /* AcronymsSearch */ = {
			isa = PBXNativeTarget;
			buildConfigurationList = A206D0CE1C6A65AE0061BA01 /* Build configuration list for PBXNativeTarget "AcronymsSearch" */;
			buildPhases = (
				BCAA0523FA216FE7F3C413D1 /* Check Pods Manifest.lock */,
				A206D0A81C6A65AE0061BA01 /* Sources */,
				A206D0A91C6A65AE0061BA01 /* Frameworks */,
				A206D0AA1C6A65AE0061BA01 /* Resources */,
				49B724FF683A3E3BE68F6283 /* Embed Pods Frameworks */,
				9F8B95399360559254DAEE32 /* Copy Pods Resources */,
			);
			buildRules = (
			);
			dependencies = (
			);
			name = AcronymsSearch;
			productName = AcronymsSearch;
			productReference = A206D0AC1C6A65AE0061BA01 /* AcronymsSearch.app */;
			productType = "com.apple.product-type.application";
		};
		A206D0C41C6A65AE0061BA01 /* AcronymsSearchTests */ = {
			isa = PBXNativeTarget;
			buildConfigurationList = A206D0D11C6A65AE0061BA01 /* Build configuration list for PBXNativeTarget "AcronymsSearchTests" */;
			buildPhases = (
				A206D0C11C6A65AE0061BA01 /* Sources */,
				A206D0C21C6A65AE0061BA01 /* Frameworks */,
				A206D0C31C6A65AE0061BA01 /* Resources */,
			);
			buildRules = (
			);
			dependencies = (
				A206D0C71C6A65AE0061BA01 /* PBXTargetDependency */,
			);
			name = AcronymsSearchTests;
			productName = AcronymsSearchTests;
			productReference = A206D0C51C6A65AE0061BA01 /* AcronymsSearchTests.xctest */;
			productType = "com.apple.product-type.bundle.unit-test";
		};
/* End PBXNativeTarget section */

/* Begin PBXProject section */
		A206D0A41C6A65AE0061BA01 /* Project object */ = {
			isa = PBXProject;
			attributes = {
				LastUpgradeCheck = 0720;
				ORGANIZATIONNAME = "Venkata Dheeraj Palur";
				TargetAttributes = {
					A206D0AB1C6A65AE0061BA01 = {
						CreatedOnToolsVersion = 7.2.1;
					};
					A206D0C41C6A65AE0061BA01 = {
						CreatedOnToolsVersion = 7.2.1;
						TestTargetID = A206D0AB1C6A65AE0061BA01;
					};
				};
			};
			buildConfigurationList = A206D0A71C6A65AE0061BA01 /* Build configuration list for PBXProject "AcronymsSearch" */;
			compatibilityVersion = "Xcode 3.2";
			developmentRegion = English;
			hasScannedForEncodings = 0;
			knownRegions = (
				en,
				Base,
			);
			mainGroup = A206D0A31C6A65AE0061BA01;
			productRefGroup = A206D0AD1C6A65AE0061BA01 /* Products */;
			projectDirPath = "";
			projectRoot = "";
			targets = (
				A206D0AB1C6A65AE0061BA01 /* AcronymsSearch */,
				A206D0C41C6A65AE0061BA01 /* AcronymsSearchTests */,
			);
		};
/* End PBXProject section */

/* Begin PBXResourcesBuildPhase section */
		A206D0AA1C6A65AE0061BA01 /* Resources */ = {
			isa = PBXResourcesBuildPhase;
			buildActionMask = 2147483647;
			files = (
				A206D0BF1C6A65AE0061BA01 /* LaunchScreen.storyboard in Resources */,
				A206D0BC1C6A65AE0061BA01 /* Assets.xcassets in Resources */,
				A206D0BA1C6A65AE0061BA01 /* Main.storyboard in Resources */,
			);
			runOnlyForDeploymentPostprocessing = 0;
		};
		A206D0C31C6A65AE0061BA01 /* Resources */ = {
			isa = PBXResourcesBuildPhase;
			buildActionMask = 2147483647;
			files = (
			);
			runOnlyForDeploymentPostprocessing = 0;
		};
/* End PBXResourcesBuildPhase section */

/* Begin PBXShellScriptBuildPhase section */
		49B724FF683A3E3BE68F6283 /* Embed Pods Frameworks */ = {
			isa = PBXShellScriptBuildPhase;
			buildActionMask = 2147483647;
			files = (
			);
			inputPaths = (
			);
			name = "Embed Pods Frameworks";
			outputPaths = (
			);
			runOnlyForDeploymentPostprocessing = 0;
			shellPath = /bin/sh;
			shellScript = "\"${SRCROOT}/Pods/Target Support Files/Pods/Pods-frameworks.sh\"\n";
			showEnvVarsInLog = 0;
		};
		9F8B95399360559254DAEE32 /* Copy Pods Resources */ = {
			isa = PBXShellScriptBuildPhase;
			buildActionMask = 2147483647;
			files = (
			);
			inputPaths = (
			);
			name = "Copy Pods Resources";
			outputPaths = (
			);
			runOnlyForDeploymentPostprocessing = 0;
			shellPath = /bin/sh;
			shellScript = "\"${SRCROOT}/Pods/Target Support Files/Pods/Pods-resources.sh\"\n";
			showEnvVarsInLog = 0;
		};
		BCAA0523FA216FE7F3C413D1 /* Check Pods Manifest.lock */ = {
			isa = PBXShellScriptBuildPhase;
			buildActionMask = 2147483647;
			files = (
			);
			inputPaths = (
			);
			name = "Check Pods Manifest.lock";
			outputPaths = (
			);
			runOnlyForDeploymentPostprocessing = 0;
			shellPath = /bin/sh;
			shellScript = "diff \"${PODS_ROOT}/../Podfile.lock\" \"${PODS_ROOT}/Manifest.lock\" > /dev/null\nif [[ $? != 0 ]] ; then\n    cat << EOM\nerror: The sandbox is not in sync with the Podfile.lock. Run 'pod install' or update your CocoaPods installation.\nEOM\n    exit 1\nfi\n";
			showEnvVarsInLog = 0;
		};
/* End PBXShellScriptBuildPhase section */

/* Begin PBXSourcesBuildPhase section */
		A206D0A81C6A65AE0061BA01 /* Sources */ = {
			isa = PBXSourcesBuildPhase;
			buildActionMask = 2147483647;
			files = (
				A206D0D61C6A6A4E0061BA01 /* AcronymsTableViewController.m in Sources */,
				A206D0B41C6A65AE0061BA01 /* AppDelegate.m in Sources */,
				A206D0B11C6A65AE0061BA01 /* main.m in Sources */,
			);
			runOnlyForDeploymentPostprocessing = 0;
		};
		A206D0C11C6A65AE0061BA01 /* Sources */ = {
			isa = PBXSourcesBuildPhase;
			buildActionMask = 2147483647;
			files = (
				A206D0CA1C6A65AE0061BA01 /* AcronymsSearchTests.m in Sources */,
			);
			runOnlyForDeploymentPostprocessing = 0;
		};
/* End PBXSourcesBuildPhase section */

/* Begin PBXTargetDependency section */
		A206D0C71C6A65AE0061BA01 /* PBXTargetDependency */ = {
			isa = PBXTargetDependency;
			target = A206D0AB1C6A65AE0061BA01 /* AcronymsSearch */;
			targetProxy = A206D0C61C6A65AE0061BA01 /* PBXContainerItemProxy */;
		};
/* End PBXTargetDependency section */

/* Begin PBXVariantGroup section */
		A206D0B81C6A65AE0061BA01 /* Main.storyboard */ = {
			isa = PBXVariantGroup;
			children = (
				A206D0B91C6A65AE0061BA01 /* Base */,
			);
			name = Main.storyboard;
			sourceTree = "<group>";
		};
		A206D0BD1C6A65AE0061BA01 /* LaunchScreen.storyboard */ = {
			isa = PBXVariantGroup;
			children = (
				A206D0BE1C6A65AE0061BA01 /* Base */,
			);
			name = LaunchScreen.storyboard;
			sourceTree = "<group>";
		};
/* End PBXVariantGroup section */

/* Begin XCBuildConfiguration section */
		A206D0CC1C6A65AE0061BA01 /* Debug */ = {
			isa = XCBuildConfiguration;
			buildSettings = {
				ALWAYS_SEARCH_USER_PATHS = NO;
				CLANG_CXX_LANGUAGE_STANDARD = "gnu++0x";
				CLANG_CXX_LIBRARY = "libc++";
				CLANG_ENABLE_MODULES = YES;
				CLANG_ENABLE_OBJC_ARC = YES;
				CLANG_WARN_BOOL_CONVERSION = YES;
				CLANG_WARN_CONSTANT_CONVERSION = YES;
				CLANG_WARN_DIRECT_OBJC_ISA_USAGE = YES_ERROR;
				CLANG_WARN_EMPTY_BODY = YES;
				CLANG_WARN_ENUM_CONVERSION = YES;
				CLANG_WARN_INT_CONVERSION = YES;
				CLANG_WARN_OBJC_ROOT_CLASS = YES_ERROR;
				CLANG_WARN_UNREACHABLE_CODE = YES;
				CLANG_WARN__DUPLICATE_METHOD_MATCH = YES;
				"CODE_SIGN_IDENTITY[sdk=iphoneos*]" = "iPhone Developer";
				COPY_PHASE_STRIP = NO;
				DEBUG_INFORMATION_FORMAT = dwarf;
				ENABLE_STRICT_OBJC_MSGSEND = YES;
				ENABLE_TESTABILITY = YES;
				GCC_C_LANGUAGE_STANDARD = gnu99;
				GCC_DYNAMIC_NO_PIC = NO;
				GCC_NO_COMMON_BLOCKS = YES;
				GCC_OPTIMIZATION_LEVEL = 0;
				GCC_PREPROCESSOR_DEFINITIONS = (
					"DEBUG=1",
					"$(inherited)",
				);
				GCC_WARN_64_TO_32_BIT_CONVERSION = YES;
				GCC_WARN_ABOUT_RETURN_TYPE = YES_ERROR;
				GCC_WARN_UNDECLARED_SELECTOR = YES;
				GCC_WARN_UNINITIALIZED_AUTOS = YES_AGGRESSIVE;
				GCC_WARN_UNUSED_FUNCTION = YES;
				GCC_WARN_UNUSED_VARIABLE = YES;
				IPHONEOS_DEPLOYMENT_TARGET = 9.2;
				MTL_ENABLE_DEBUG_INFO = YES;
				ONLY_ACTIVE_ARCH = YES;
				SDKROOT = iphoneos;
				TARGETED_DEVICE_FAMILY = "1,2";
			};
			name = Debug;
		};
		A206D0CD1C6A65AE0061BA01 /* Release */ = {
			isa = XCBuildConfiguration;
			buildSettings = {
				ALWAYS_SEARCH_USER_PATHS = NO;
				CLANG_CXX_LANGUAGE_STANDARD = "gnu++0x";
				CLANG_CXX_LIBRARY = "libc++";
				CLANG_ENABLE_MODULES = YES;
				CLANG_ENABLE_OBJC_ARC = YES;
				CLANG_WARN_BOOL_CONVERSION = YES;
				CLANG_WARN_CONSTANT_CONVERSION = YES;
				CLANG_WARN_DIRECT_OBJC_ISA_USAGE = YES_ERROR;
				CLANG_WARN_EMPTY_BODY = YES;
				CLANG_WARN_ENUM_CONVERSION = YES;
				CLANG_WARN_INT_CONVERSION = YES;
				CLANG_WARN_OBJC_ROOT_CLASS = YES_ERROR;
				CLANG_WARN_UNREACHABLE_CODE = YES;
				CLANG_WARN__DUPLICATE_METHOD_MATCH = YES;
				"CODE_SIGN_IDENTITY[sdk=iphoneos*]" = "iPhone Developer";
				COPY_PHASE_STRIP = NO;
				DEBUG_INFORMATION_FORMAT = "dwarf-with-dsym";
				ENABLE_NS_ASSERTIONS = NO;
				ENABLE_STRICT_OBJC_MSGSEND = YES;
				GCC_C_LANGUAGE_STANDARD = gnu99;
				GCC_NO_COMMON_BLOCKS = YES;
				GCC_WARN_64_TO_32_BIT_CONVERSION = YES;
				GCC_WARN_ABOUT_RETURN_TYPE = YES_ERROR;
				GCC_WARN_UNDECLARED_SELECTOR = YES;
				GCC_WARN_UNINITIALIZED_AUTOS = YES_AGGRESSIVE;
				GCC_WARN_UNUSED_FUNCTION = YES;
				GCC_WARN_UNUSED_VARIABLE = YES;
				IPHONEOS_DEPLOYMENT_TARGET = 9.2;
				MTL_ENABLE_DEBUG_INFO = NO;
				SDKROOT = iphoneos;
				TARGETED_DEVICE_FAMILY = "1,2";
				VALIDATE_PRODUCT = YES;
			};
			name = Release;
		};
		A206D0CF1C6A65AE0061BA01 /* Debug */ = {
			isa = XCBuildConfiguration;
			baseConfigurationReference = 4A9A14235BCAC7CF6D0582B5 /* Pods.debug.xcconfig */;
			buildSettings = {
				ASSETCATALOG_COMPILER_APPICON_NAME = AppIcon;
				INFOPLIST_FILE = AcronymsSearch/Info.plist;
				LD_RUNPATH_SEARCH_PATHS = "$(inherited) @executable_path/Frameworks";
				PRODUCT_BUNDLE_IDENTIFIER = VDP.AcronymsSearch;
				PRODUCT_NAME = "$(TARGET_NAME)";
			};
			name = Debug;
		};
		A206D0D01C6A65AE0061BA01 /* Release */ = {
			isa = XCBuildConfiguration;
			baseConfigurationReference = 35FACC7BD317B716A57E6DCC /* Pods.release.xcconfig */;
			buildSettings = {
				ASSETCATALOG_COMPILER_APPICON_NAME = AppIcon;
				INFOPLIST_FILE = AcronymsSearch/Info.plist;
				LD_RUNPATH_SEARCH_PATHS = "$(inherited) @executable_path/Frameworks";
				PRODUCT_BUNDLE_IDENTIFIER = VDP.AcronymsSearch;
				PRODUCT_NAME = "$(TARGET_NAME)";
			};
			name = Release;
		};
		A206D0D21C6A65AE0061BA01 /* Debug */ = {
			isa = XCBuildConfiguration;
			buildSettings = {
				BUNDLE_LOADER = "$(TEST_HOST)";
				INFOPLIST_FILE = AcronymsSearchTests/Info.plist;
				LD_RUNPATH_SEARCH_PATHS = "$(inherited) @executable_path/Frameworks @loader_path/Frameworks";
				PRODUCT_BUNDLE_IDENTIFIER = VDP.AcronymsSearchTests;
				PRODUCT_NAME = "$(TARGET_NAME)";
				TEST_HOST = "$(BUILT_PRODUCTS_DIR)/AcronymsSearch.app/AcronymsSearch";
			};
			name = Debug;
		};
		A206D0D31C6A65AE0061BA01 /* Release */ = {
			isa = XCBuildConfiguration;
			buildSettings = {
				BUNDLE_LOADER = "$(TEST_HOST)";
				INFOPLIST_FILE = AcronymsSearchTests/Info.plist;
				LD_RUNPATH_SEARCH_PATHS = "$(inherited) @executable_path/Frameworks @loader_path/Frameworks";
				PRODUCT_BUNDLE_IDENTIFIER = VDP.AcronymsSearchTests;
				PRODUCT_NAME = "$(TARGET_NAME)";
				TEST_HOST = "$(BUILT_PRODUCTS_DIR)/AcronymsSearch.app/AcronymsSearch";
			};
			name = Release;
		};
/* End XCBuildConfiguration section */

/* Begin XCConfigurationList section */
		A206D0A71C6A65AE0061BA01 /* Build configuration list for PBXProject "AcronymsSearch" */ = {
			isa = XCConfigurationList;
			buildConfigurations = (
				A206D0CC1C6A65AE0061BA01 /* Debug */,
				A206D0CD1C6A65AE0061BA01 /* Release */,
			);
			defaultConfigurationIsVisible = 0;
			defaultConfigurationName = Release;
		};
		A206D0CE1C6A65AE0061BA01 /* Build configuration list for PBXNativeTarget "AcronymsSearch" */ = {
			isa = XCConfigurationList;
			buildConfigurations = (
				A206D0CF1C6A65AE0061BA01 /* Debug */,
				A206D0D01C6A65AE0061BA01 /* Release */,
			);
			defaultConfigurationIsVisible = 0;
			defaultConfigurationName = Release;
		};
		A206D0D11C6A65AE0061BA01 /* Build configuration list for PBXNativeTarget "AcronymsSearchTests" */ = {
			isa = XCConfigurationList;
			buildConfigurations = (
				A206D0D21C6A65AE0061BA01 /* Debug */,
				A206D0D31C6A65AE0061BA01 /* Release */,
			);
			defaultConfigurationIsVisible = 0;
			defaultConfigurationName = Release;
		};
/* End XCConfigurationList section */
	};
	rootObject = A206D0A41C6A65AE0061BA01 /* Project object */;
}
